PODS:
  - Alamofire (5.0.0-beta.5)
  - Kingfisher (5.3.1)
  - SwiftHash (2.0.2)

DEPENDENCIES:
  - Alamofire (= 5.0.0-beta.5)
  - Kingfisher (~> 5.0)
  - SwiftHash

SPEC REPOS:
  https://github.com/cocoapods/specs.git:
    - Alamofire
    - Kingfisher
    - SwiftHash

SPEC CHECKSUMS:
  Alamofire: 9afb08f7f43efcc71c072374e720fcf67521317d
  Kingfisher: d9e7e0b209b59b8f9873aa2f37654e81a7beea51
  SwiftHash: 6d312abe61c8359bdef8d0093642f3a70b1c17ba

PODFILE CHECKSUM: 956cc99472514235f388cdf03eebd8c40eb021ce

COCOAPODS: 1.6.1
